
Microsoft Visual Studio Solution File, Format Version 12.00
# Visual Studio Version 16
VisualStudioVersion = 16.0.29709.97
MinimumVisualStudioVersion = 10.0.40219.1
Project("{9A19103F-16F7-4668-BE54-9A1E7A4F7556}") = "LoyaltyProgram", "LoyaltyProgram\LoyaltyProgram.csproj", "{1E68C3D6-3CB8-4B01-BF3D-3E8484031D3D}"
EndProject
Project("{9A19103F-16F7-4668-BE54-9A1E7A4F7556}") = "ApiGateway", "ApiGateway\ApiGateway.csproj", "{A1473B7C-5178-462F-8B4B-CD50259BD579}"
EndProject
Global
	GlobalSection(SolutionConfigurationPlatforms) = preSolution
		Debug|Any CPU = Debug|Any CPU
		Release|Any CPU = Release|Any CPU
	EndGlobalSection
	GlobalSection(ProjectConfigurationPlatforms) = postSolution
		{1E68C3D6-3CB8-4B01-BF3D-3E8484031D3D}.Debug|Any CPU.ActiveCfg = Debug|Any CPU
		{1E68C3D6-3CB8-4B01-BF3D-3E8484031D3D}.Debug|Any CPU.Build.0 = Debug|Any CPU
		{1E68C3D6-3CB8-4B01-BF3D-3E8484031D3D}.Release|Any CPU.ActiveCfg = Release|Any CPU
		{1E68C3D6-3CB8-4B01-BF3D-3E8484031D3D}.Release|Any CPU.Build.0 = Release|Any CPU
		{A1473B7C-5178-462F-8B4B-CD50259BD579}.Debug|Any CPU.ActiveCfg = Debug|Any CPU
		{A1473B7C-5178-462F-8B4B-CD50259BD579}.Debug|Any CPU.Build.0 = Debug|Any CPU
		{A1473B7C-5178-462F-8B4B-CD50259BD579}.Release|Any CPU.ActiveCfg = Release|Any CPU
		{A1473B7C-5178-462F-8B4B-CD50259BD579}.Release|Any CPU.Build.0 = Release|Any CPU
	EndGlobalSection
	GlobalSection(SolutionProperties) = preSolution
		HideSolutionNode = FALSE
	EndGlobalSection
	GlobalSection(ExtensibilityGlobals) = postSolution
		SolutionGuid = {E6320F6A-2B26-4553-8583-384F4C1C702F}
	EndGlobalSection
EndGlobal
